{
  "version": 4,
  "terraform_version": "1.5.7",
  "serial": 6,
  "lineage": "aaeb9ce3-d9bd-fe0c-c8aa-40f7ff80f615",
  "outputs": {},
  "resources": [
    {
      "mode": "managed",
      "type": "google_container_cluster",
      "name": "cluster",
      "provider": "provider[\"registry.terraform.io/hashicorp/google\"]",
      "instances": [
        {
          "schema_version": 2,
          "attributes": {
            "addons_config": [
              {
                "cloudrun_config": [],
                "config_connector_config": [],
                "dns_cache_config": [],
                "gce_persistent_disk_csi_driver_config": [
                  {
                    "enabled": true
                  }
                ],
                "gcp_filestore_csi_driver_config": [],
                "gcs_fuse_csi_driver_config": [],
                "gke_backup_agent_config": [],
                "horizontal_pod_autoscaling": [],
                "http_load_balancing": [],
                "network_policy_config": [
                  {
                    "disabled": true
                  }
                ],
                "ray_operator_config": [],
                "stateful_ha_config": []
              }
            ],
            "allow_net_admin": null,
            "authenticator_groups_config": [],
            "binary_authorization": [
              {
                "enabled": false,
                "evaluation_mode": ""
              }
            ],
            "cluster_autoscaling": [
              {
                "auto_provisioning_defaults": [],
                "auto_provisioning_locations": [],
                "autoscaling_profile": "BALANCED",
                "enabled": false,
                "resource_limits": []
              }
            ],
            "cluster_ipv4_cidr": "10.124.0.0/14",
            "confidential_nodes": [],
            "cost_management_config": [],
            "database_encryption": [
              {
                "key_name": "",
                "state": "DECRYPTED"
              }
            ],
            "datapath_provider": "",
            "default_max_pods_per_node": 110,
            "default_snat_status": [
              {
                "disabled": false
              }
            ],
            "deletion_protection": true,
            "description": "",
            "dns_config": [],
            "enable_autopilot": false,
            "enable_cilium_clusterwide_network_policy": false,
            "enable_intranode_visibility": false,
            "enable_k8s_beta_apis": [],
            "enable_kubernetes_alpha": false,
            "enable_l4_ilb_subsetting": false,
            "enable_legacy_abac": false,
            "enable_multi_networking": false,
            "enable_shielded_nodes": true,
            "enable_tpu": false,
            "endpoint": "35.239.132.44",
            "fleet": [],
            "gateway_api_config": [],
            "id": "projects/cts07-devadin/locations/us-central1-a/clusters/ey-test-cluster",
            "identity_service_config": [],
            "initial_node_count": 1,
            "ip_allocation_policy": [
              {
                "additional_pod_ranges_config": [],
                "cluster_ipv4_cidr_block": "10.124.0.0/14",
                "cluster_secondary_range_name": "gke-ey-test-cluster-pods-b20d5719",
                "pod_cidr_overprovision_config": [
                  {
                    "disabled": false
                  }
                ],
                "services_ipv4_cidr_block": "34.118.224.0/20",
                "services_secondary_range_name": "",
                "stack_type": "IPV4"
              }
            ],
            "label_fingerprint": "a9dc16a7",
            "location": "us-central1-a",
            "logging_config": [
              {
                "enable_components": [
                  "SYSTEM_COMPONENTS",
                  "WORKLOADS"
                ]
              }
            ],
            "logging_service": "logging.googleapis.com/kubernetes",
            "maintenance_policy": [],
            "master_auth": [
              {
                "client_certificate": "",
                "client_certificate_config": [
                  {
                    "issue_client_certificate": false
                  }
                ],
                "client_key": "",
                "cluster_ca_certificate": "LS0tLS1CRUdJTiBDRVJUSUZJQ0FURS0tLS0tCk1JSUVMRENDQXBTZ0F3SUJBZ0lRUFZRb1BDaUt0eFdXMDJZZkFXeDhMVEFOQmdrcWhraUc5dzBCQVFzRkFEQXYKTVMwd0t3WURWUVFERXlReU5tTXhZamhsTlMwM1pHUXdMVFEzWlRZdE9HTXpaQzFoTkRBMllUTTJZV0V5TldVdwpJQmNOTWpVeE1UQTNNVFF5TXpBMVdoZ1BNakExTlRFd016RXhOVEl6TURWYU1DOHhMVEFyQmdOVkJBTVRKREkyCll6RmlPR1UxTFRka1pEQXRORGRsTmkwNFl6TmtMV0UwTURaaE16WmhZVEkxWlRDQ0FhSXdEUVlKS29aSWh2Y04KQVFFQkJRQURnZ0dQQURDQ0FZb0NnZ0dCQU42V3lWMll2ZXV4dThydGFkSGQ3dlVScktsMnRudEgvVVNIVStCVApJQmZVbFptNnFsWEVEekJJZUowQ1ZmMW5rZWViMGgrUTBVNHJpM0REdmpQWGQyWll1TmE0blBWOEZhQnJSVkxoCndhMkVROHBqbE94eGNkUXpYSWhxbk8rQUpVR0IwM3MyRFpHaHZPcTFLNXp4VVVSWDErNS9EZGZPNnJWRFRzaEcKSVRzVHhrNGRZSHk0M3NSTTA4RlJlcTIyRjlTQURBMi82Y2VlYXRxWCtjc2xXeE9DdCtOR2FrQWxlZHFuVlpmKwp2ZStxQ3JmVjJpeXR1N25lTm5GTEVNT3BwK3NVbmFoS3pKaEVPak5ySXZxQmp1U1J1Nkl5c25KODB5TzdRSGswCjlUdlpPTk9YZDN1WXBTTEhjZUgwcU1GZ1RQN25Sdlo1MU92UGtlck9lTHJtdFBiQXhJL3B5T0hrck9vMldjUFEKaXpseDd5QXVuT2RrRWNldTBIaGVwVTg1bUZKSW5FOVpjcEREL2gycTdaNkI3a01WMVRZeGZTL05DaG4yeHcxZApja3hVSDNna2d1TlNCSVRIU1RyRm9BUFpXMWdvUDdpcHhFTDZpSU1yYlZvU2dYMFo0cnRWL0ZXTGF2VUtkbmcyCk5OSm5SK1JPbFArY0pBYjMrSmJxVWhwT2l3SURBUUFCbzBJd1FEQU9CZ05WSFE4QkFmOEVCQU1DQWdRd0R3WUQKVlIwVEFRSC9CQVV3QXdFQi96QWRCZ05WSFE0RUZnUVVhMVdYUksvbmFnUlJTQzR5VDJaZGExTUh4ajB3RFFZSgpLb1pJaHZjTkFRRUxCUUFEZ2dHQkFMMy8wOUNHSEszN3AxZ1czQ0hxcWZBNmgwS1kyM3d4OS9NalpLL1FKcnFICmVpRDFqK3FacitEK1FMUjdyYmNBU2IxU3kzaFRONnQxS1phOWpiN0N0MHcySmpBTjhaeFBoZ1g5ZitGQ09EangKek4rWm01U0IxdHFNcE9hbU03TE9JMkhIOG43Y0IwTkNVWUM3dGZ4eTIzcXh2RHZQZFEwcEJPbGRVWTVnU3ZVdAphTlkzV3hJTWdWZU8xQld4d3d2QUxna2Q2WWU4MGlON3ZHcDRNQlE2M0RBaFZZaW4wTWJOSHpIVGliYVhMKzdMCkhpYVBJT3VtbGo3bDA2bGNMcUQ4S2Nrdk0yWEpsc05CM0tqaXdBZHI5WTd1eGpSL0RWRHphV1BXM1ZWNU9ucXAKeS9zbjJLTW9rUkhEY1RYN1M5STlpOEtCemdJOFd1TXlWaC9GV1BhQStpc3ZoOFk2Z1pDU1o3N2dmRFpwL1IwagoxUGxQOWxmU2Y5NHlJYmw1SWxjNG9UNFZiekhielZvR3FGSVBHaHR1Z0hXUWdlSUFkVlRybW4rOUhxVEp4MkNHCkE5M21tbGU2dy9SRVFNenl3Y0pjc0NtdGVFRTJZajhrZlVSU2dTZHNWaVlYeDBTeXVZQXVjSW5vVmxzVWVweWQKdzJ0SzN6SDA5Y1VFd3g4SG9LRjBFQT09Ci0tLS0tRU5EIENFUlRJRklDQVRFLS0tLS0K"
              }
            ],
            "master_authorized_networks_config": [],
            "master_version": "1.33.5-gke.1162000",
            "mesh_certificates": [],
            "min_master_version": null,
            "monitoring_config": [
              {
                "advanced_datapath_observability_config": [
                  {
                    "enable_metrics": false,
                    "enable_relay": false,
                    "relay_mode": "DISABLED"
                  }
                ],
                "enable_components": [
                  "SYSTEM_COMPONENTS",
                  "STORAGE",
                  "HPA",
                  "POD",
                  "DAEMONSET",
                  "DEPLOYMENT",
                  "STATEFULSET",
                  "JOBSET",
                  "CADVISOR",
                  "KUBELET",
                  "DCGM"
                ],
                "managed_prometheus": [
                  {
                    "enabled": true
                  }
                ]
              }
            ],
            "monitoring_service": "monitoring.googleapis.com/kubernetes",
            "name": "ey-test-cluster",
            "network": "projects/cts07-devadin/global/networks/default",
            "network_policy": [
              {
                "enabled": false,
                "provider": "PROVIDER_UNSPECIFIED"
              }
            ],
            "networking_mode": "VPC_NATIVE",
            "node_config": [],
            "node_locations": [],
            "node_pool": [],
            "node_pool_auto_config": [
              {
                "network_tags": [],
                "node_kubelet_config": [
                  {
                    "insecure_kubelet_readonly_port_enabled": "FALSE"
                  }
                ],
                "resource_manager_tags": {}
              }
            ],
            "node_pool_defaults": [
              {
                "node_config_defaults": [
                  {
                    "containerd_config": [],
                    "insecure_kubelet_readonly_port_enabled": "FALSE",
                    "logging_variant": "DEFAULT"
                  }
                ]
              }
            ],
            "node_version": "1.33.5-gke.1162000",
            "notification_config": [
              {
                "pubsub": [
                  {
                    "enabled": false,
                    "filter": [],
                    "topic": ""
                  }
                ]
              }
            ],
            "operation": null,
            "private_cluster_config": [
              {
                "enable_private_endpoint": false,
                "enable_private_nodes": false,
                "master_global_access_config": [
                  {
                    "enabled": false
                  }
                ],
                "master_ipv4_cidr_block": "",
                "peering_name": "",
                "private_endpoint": "10.128.0.66",
                "private_endpoint_subnetwork": "",
                "public_endpoint": "35.239.132.44"
              }
            ],
            "private_ipv6_google_access": "",
            "project": "cts07-devadin",
            "release_channel": [
              {
                "channel": "REGULAR"
              }
            ],
            "remove_default_node_pool": true,
            "resource_labels": null,
            "resource_usage_export_config": [],
            "security_posture_config": [
              {
                "mode": "BASIC",
                "vulnerability_mode": "VULNERABILITY_MODE_UNSPECIFIED"
              }
            ],
            "self_link": "https://container.googleapis.com/v1/projects/cts07-devadin/zones/us-central1-a/clusters/ey-test-cluster",
            "service_external_ips_config": [
              {
                "enabled": false
              }
            ],
            "services_ipv4_cidr": "34.118.224.0/20",
            "subnetwork": "projects/cts07-devadin/regions/us-central1/subnetworks/default",
            "timeouts": null,
            "tpu_ipv4_cidr_block": "",
            "vertical_pod_autoscaling": [],
            "workload_identity_config": []
          },
          "sensitive_attributes": [],
          "private": "eyJlMmJmYjczMC1lY2FhLTExZTYtOGY4OC0zNDM2M2JjN2M0YzAiOnsiY3JlYXRlIjoyNDAwMDAwMDAwMDAwLCJkZWxldGUiOjI0MDAwMDAwMDAwMDAsInJlYWQiOjI0MDAwMDAwMDAwMDAsInVwZGF0ZSI6MzYwMDAwMDAwMDAwMH0sInNjaGVtYV92ZXJzaW9uIjoiMiJ9"
        }
      ]
    },
    {
      "mode": "managed",
      "type": "google_container_node_pool",
      "name": "nodes",
      "provider": "provider[\"registry.terraform.io/hashicorp/google\"]",
      "instances": [
        {
          "schema_version": 1,
          "attributes": {
            "autoscaling": [
              {
                "location_policy": "BALANCED",
                "max_node_count": 5,
                "min_node_count": 2,
                "total_max_node_count": 0,
                "total_min_node_count": 0
              }
            ],
            "cluster": "ey-test-cluster",
            "id": "projects/cts07-devadin/locations/us-central1-a/clusters/ey-test-cluster/nodePools/primary-node-pool",
            "initial_node_count": 2,
            "instance_group_urls": [
              "https://www.googleapis.com/compute/v1/projects/cts07-devadin/zones/us-central1-a/instanceGroupManagers/gke-ey-test-cluster-primary-node-pool-e44f0ef6-grp"
            ],
            "location": "us-central1-a",
            "managed_instance_group_urls": [
              "https://www.googleapis.com/compute/v1/projects/cts07-devadin/zones/us-central1-a/instanceGroups/gke-ey-test-cluster-primary-node-pool-e44f0ef6-grp"
            ],
            "management": [
              {
                "auto_repair": true,
                "auto_upgrade": true
              }
            ],
            "max_pods_per_node": 110,
            "name": "primary-node-pool",
            "name_prefix": "",
            "network_config": [
              {
                "additional_node_network_configs": [],
                "additional_pod_network_configs": [],
                "create_pod_range": false,
                "enable_private_nodes": false,
                "network_performance_config": [],
                "pod_cidr_overprovision_config": [],
                "pod_ipv4_cidr_block": "10.124.0.0/14",
                "pod_range": "gke-ey-test-cluster-pods-b20d5719"
              }
            ],
            "node_config": [
              {
                "advanced_machine_features": [],
                "boot_disk_kms_key": "",
                "confidential_nodes": [],
                "containerd_config": [],
                "disk_size_gb": 100,
                "disk_type": "pd-balanced",
                "effective_taints": [],
                "enable_confidential_storage": false,
                "ephemeral_storage_local_ssd_config": [],
                "fast_socket": [],
                "gcfs_config": [],
                "guest_accelerator": [],
                "gvnic": [],
                "host_maintenance_policy": [],
                "image_type": "COS_CONTAINERD",
                "kubelet_config": [
                  {
                    "cpu_cfs_quota": false,
                    "cpu_cfs_quota_period": "",
                    "cpu_manager_policy": "",
                    "insecure_kubelet_readonly_port_enabled": "FALSE",
                    "pod_pids_limit": 0
                  }
                ],
                "labels": {},
                "linux_node_config": [],
                "local_nvme_ssd_block_config": [],
                "local_ssd_count": 0,
                "logging_variant": "DEFAULT",
                "machine_type": "e2-medium",
                "metadata": {
                  "disable-legacy-endpoints": "true"
                },
                "min_cpu_platform": "",
                "node_group": "",
                "oauth_scopes": [
                  "https://www.googleapis.com/auth/cloud-platform"
                ],
                "preemptible": false,
                "reservation_affinity": [],
                "resource_labels": {
                  "goog-gke-node-pool-provisioning-model": "on-demand"
                },
                "resource_manager_tags": null,
                "secondary_boot_disks": [],
                "service_account": "default",
                "shielded_instance_config": [
                  {
                    "enable_integrity_monitoring": true,
                    "enable_secure_boot": false
                  }
                ],
                "sole_tenant_config": [],
                "spot": false,
                "tags": null,
                "taint": [],
                "workload_metadata_config": []
              }
            ],
            "node_count": 2,
            "node_locations": [
              "us-central1-a"
            ],
            "operation": null,
            "placement_policy": [],
            "project": "cts07-devadin",
            "queued_provisioning": [],
            "timeouts": null,
            "upgrade_settings": [
              {
                "blue_green_settings": [],
                "max_surge": 1,
                "max_unavailable": 0,
                "strategy": "SURGE"
              }
            ],
            "version": "1.33.5-gke.1162000"
          },
          "sensitive_attributes": [],
          "private": "eyJlMmJmYjczMC1lY2FhLTExZTYtOGY4OC0zNDM2M2JjN2M0YzAiOnsiY3JlYXRlIjoxODAwMDAwMDAwMDAwLCJkZWxldGUiOjE4MDAwMDAwMDAwMDAsInVwZGF0ZSI6MTgwMDAwMDAwMDAwMH0sInNjaGVtYV92ZXJzaW9uIjoiMSJ9",
          "dependencies": [
            "google_container_cluster.cluster"
          ]
        }
      ]
    }
  ],
  "check_results": null
}
